lockfileVersion: '9.0'

settings:
  autoInstallPeers: true
  excludeLinksFromLockfile: false

importers:

  .:
    dependencies:
      '@micropython/micropython-webassembly-pyscript':
        specifier: ^1.27.0
        version: 1.27.0
      globe.gl:
        specifier: ^2.46.1
        version: 2.46.1
      three:
        specifier: ^0.182.0
        version: 0.182.0
    devDependencies:
      '@anywidget/vite':
        specifier: ^0.2.2
        version: 0.2.2(vite@7.3.5(@types/node@25.9.4))
      '@biomejs/biome':
        specifier: ^2.5.0
        version: 2.5.0
      '@types/node':
        specifier: ^25.9.4
        version: 25.9.4
      typescript:
        specifier: ^5.9.3
        version: 5.9.3
      vite:
        specifier: ^7.3.5
        version: 7.3.5(@types/node@25.9.4)

packages:

  '@anywidget/vite@0.2.2':
    resolution: {integrity: sha512-6qYispivu+VAvWJbWSsZujGAQXLW5Xve/cNA/zrz+RXeg31xfJ5bH5ylqp6UC+GpFZL8azRN6HQS24Z0IgURLw==}
    peerDependencies:
      vite: ^4.0.0 || ^5.0.0 || ^6.0.0 || ^7.0.0

  '@babel/runtime@7.29.7':
    resolution: {integrity: sha512-Nq8OhGWiZIZGV6hLHoyAKLLcJihP/xFeBMGJoUrxTX2psI8dCifzLhZISFb+VWS3wFMRDmCGw5R+dOySCqPLhw==}
    engines: {node: '>=6.9.0'}

  '@biomejs/biome@2.5.0':
    resolution: {integrity: sha512-4kURkd9hAPrdDM3C9n82ycYgx8hvQcW6MjKTEejruj8rK0N8P3OPpdy8BvI8kt3KWY4ycF5XtDOrktetEfhfuw==}
    engines: {node: '>=14.21.3'}
    hasBin: true

  '@biomejs/cli-darwin-arm64@2.5.0':
    resolution: {integrity: sha512-Mn3Fwi3SA5fgmfCPqmzpWF2DLZnms3BVAhM088nTnGrTZmHS3wwIjcoZPqpXeNgd3DrrLH6xp8vTLIBuJoZiXw==}
    engines: {node: '>=14.21.3'}
    cpu: [arm64]
    os: [darwin]

  '@biomejs/cli-darwin-x64@2.5.0':
    resolution: {integrity: sha512-rg3VPL5P8mYro6pqlXYXuJWph21slVp3SZtAqWSrkZs40d2gTzYmHF8E/X1iTID25btmNKltNDJ926sqVBp7DQ==}
    engines: {node: '>=14.21.3'}
    cpu: [x64]
    os: [darwin]

  '@biomejs/cli-linux-arm64-musl@2.5.0':
    resolution: {integrity: sha512-vQdM4oSGaf7ZNeGO9w5+Y8SBtyser9M6znxYbm7Ec8wInxJu1WiKxFYZW5Auj2d80bcVvefuGGRxoFOE0eee8g==}
    engines: {node: '>=14.21.3'}
    cpu: [arm64]
    os: [linux]

  '@biomejs/cli-linux-arm64@2.5.0':
    resolution: {integrity: sha512-tl+LW8fdD96/xdeWtWwc82LIOc5CoY7N2AsogLTp5R4ECErYt+8Jl/N68ezN9vzSiqPTxw6vjcihoLPYKZHrlw==}
    engines: {node: '>=14.21.3'}
    cpu: [arm64]
    os: [linux]

  '@biomejs/cli-linux-x64-musl@2.5.0':
    resolution: {integrity: sha512-+9hIcMngJ+yGUahXqZuZ8CoWKJE9SAZsFsM3QDvXpNsLbXZ9lqVzgBhOk/jTSYkOA0GLP9eu3teukqpLUojHMg==}
    engines: {node: '>=14.21.3'}
    cpu: [x64]
    os: [linux]

  '@biomejs/cli-linux-x64@2.5.0':
    resolution: {integrity: sha512-zpEGf4RQbFEh8Vt7OmavLyyOzRbtcE9osCqrS1kfvt8jDvxwhKXLSf7n0ebr/ov0RJ9ssP+lhs6C8a9WwFvrQA==}
    engines: {node: '>=14.21.3'}
    cpu: [x64]
    os: [linux]

  '@biomejs/cli-win32-arm64@2.5.0':
    resolution: {integrity: sha512-jB0wAvTLI4itx5VidqVUejPQFhRUxiZ9l9FvZ26D5fl6t3qme+ZB4PD3bTSeL1vZ8NI2Rx/zj6H9zcESuGHKGw==}
    engines: {node: '>=14.21.3'}
    cpu: [arm64]
    os: [win32]

  '@biomejs/cli-win32-x64@2.5.0':
    resolution: {integrity: sha512-VT/lF+GId+67j8aDfLkxdxNoVApsPSTbyAtB3jJq0IWTrY77WXfbPfpngxq0bA6JCEv/7k8C9qWjDRKRznDlyw==}
    engines: {node: '>=14.21.3'}
    cpu: [x64]
    os: [win32]

  '@esbuild/aix-ppc64@0.27.7':
    resolution: {integrity: sha512-EKX3Qwmhz1eMdEJokhALr0YiD0lhQNwDqkPYyPhiSwKrh7/4KRjQc04sZ8db+5DVVnZ1LmbNDI1uAMPEUBnQPg==}
    engines: {node: '>=18'}
    cpu: [ppc64]
    os: [aix]

  '@esbuild/android-arm64@0.27.7':
    resolution: {integrity: sha512-62dPZHpIXzvChfvfLJow3q5dDtiNMkwiRzPylSCfriLvZeq0a1bWChrGx/BbUbPwOrsWKMn8idSllklzBy+dgQ==}
    engines: {node: '>=18'}
    cpu: [arm64]
    os: [android]

  '@esbuild/android-arm@0.27.7':
    resolution: {integrity: sha512-jbPXvB4Yj2yBV7HUfE2KHe4GJX51QplCN1pGbYjvsyCZbQmies29EoJbkEc+vYuU5o45AfQn37vZlyXy4YJ8RQ==}
    engines: {node: '>=18'}
    cpu: [arm]
    os: [android]

  '@esbuild/android-x64@0.27.7':
    resolution: {integrity: sha512-x5VpMODneVDb70PYV2VQOmIUUiBtY3D3mPBG8NxVk5CogneYhkR7MmM3yR/uMdITLrC1ml/NV1rj4bMJuy9MCg==}
    engines: {node: '>=18'}
    cpu: [x64]
    os: [android]

  '@esbuild/darwin-arm64@0.27.7':
    resolution: {integrity: sha512-5lckdqeuBPlKUwvoCXIgI2D9/ABmPq3Rdp7IfL70393YgaASt7tbju3Ac+ePVi3KDH6N2RqePfHnXkaDtY9fkw==}
    engines: {node: '>=18'}
    cpu: [arm64]
    os: [darwin]

  '@esbuild/darwin-x64@0.27.7':
    resolution: {integrity: sha512-rYnXrKcXuT7Z+WL5K980jVFdvVKhCHhUwid+dDYQpH+qu+TefcomiMAJpIiC2EM3Rjtq0sO3StMV/+3w3MyyqQ==}
    engines: {node: '>=18'}
    cpu: [x64]
    os: [darwin]

  '@esbuild/freebsd-arm64@0.27.7':
    resolution: {integrity: sha512-B48PqeCsEgOtzME2GbNM2roU29AMTuOIN91dsMO30t+Ydis3z/3Ngoj5hhnsOSSwNzS+6JppqWsuhTp6E82l2w==}
    engines: {node: '>=18'}
    cpu: [arm64]
    os: [freebsd]

  '@esbuild/freebsd-x64@0.27.7':
    resolution: {integrity: sha512-jOBDK5XEjA4m5IJK3bpAQF9/Lelu/Z9ZcdhTRLf4cajlB+8VEhFFRjWgfy3M1O4rO2GQ/b2dLwCUGpiF/eATNQ==}
    engines: {node: '>=18'}
    cpu: [x64]
    os: [freebsd]

  '@esbuild/linux-arm64@0.27.7':
    resolution: {integrity: sha512-RZPHBoxXuNnPQO9rvjh5jdkRmVizktkT7TCDkDmQ0W2SwHInKCAV95GRuvdSvA7w4VMwfCjUiPwDi0ZO6Nfe9A==}
    engines: {node: '>=18'}
    cpu: [arm64]
    os: [linux]

  '@esbuild/linux-arm@0.27.7':
    resolution: {integrity: sha512-RkT/YXYBTSULo3+af8Ib0ykH8u2MBh57o7q/DAs3lTJlyVQkgQvlrPTnjIzzRPQyavxtPtfg0EopvDyIt0j1rA==}
    engines: {node: '>=18'}
    cpu: [arm]
    os: [linux]

  '@esbuild/linux-ia32@0.27.7':
    resolution: {integrity: sha512-GA48aKNkyQDbd3KtkplYWT102C5sn/EZTY4XROkxONgruHPU72l+gW+FfF8tf2cFjeHaRbWpOYa/uRBz/Xq1Pg==}
    engines: {node: '>=18'}
    cpu: [ia32]
    os: [linux]

  '@esbuild/linux-loong64@0.27.7':
    resolution: {integrity: sha512-a4POruNM2oWsD4WKvBSEKGIiWQF8fZOAsycHOt6JBpZ+JN2n2JH9WAv56SOyu9X5IqAjqSIPTaJkqN8F7XOQ5Q==}
    engines: {node: '>=18'}
    cpu: [loong64]
    os: [linux]

  '@esbuild/linux-mips64el@0.27.7':
    resolution: {integrity: sha512-KabT5I6StirGfIz0FMgl1I+R1H73Gp0ofL9A3nG3i/cYFJzKHhouBV5VWK1CSgKvVaG4q1RNpCTR2LuTVB3fIw==}
    engines: {node: '>=18'}
    cpu: [mips64el]
    os: [linux]

  '@esbuild/linux-ppc64@0.27.7':
    resolution: {integrity: sha512-gRsL4x6wsGHGRqhtI+ifpN/vpOFTQtnbsupUF5R5YTAg+y/lKelYR1hXbnBdzDjGbMYjVJLJTd2OFmMewAgwlQ==}
    engines: {node: '>=18'}
    cpu: [ppc64]
    os: [linux]

  '@esbuild/linux-riscv64@0.27.7':
    resolution: {integrity: sha512-hL25LbxO1QOngGzu2U5xeXtxXcW+/GvMN3ejANqXkxZ/opySAZMrc+9LY/WyjAan41unrR3YrmtTsUpwT66InQ==}
    engines: {node: '>=18'}
    cpu: [riscv64]
    os: [linux]

  '@esbuild/linux-s390x@0.27.7':
    resolution: {integrity: sha512-2k8go8Ycu1Kb46vEelhu1vqEP+UeRVj2zY1pSuPdgvbd5ykAw82Lrro28vXUrRmzEsUV0NzCf54yARIK8r0fdw==}
    engines: {node: '>=18'}
    cpu: [s390x]
    os: [linux]

  '@esbuild/linux-x64@0.27.7':
    resolution: {integrity: sha512-hzznmADPt+OmsYzw1EE33ccA+HPdIqiCRq7cQeL1Jlq2gb1+OyWBkMCrYGBJ+sxVzve2ZJEVeePbLM2iEIZSxA==}
    engines: {node: '>=18'}
    cpu: [x64]
    os: [linux]

  '@esbuild/netbsd-arm64@0.27.7':
    resolution: {integrity: sha512-b6pqtrQdigZBwZxAn1UpazEisvwaIDvdbMbmrly7cDTMFnw/+3lVxxCTGOrkPVnsYIosJJXAsILG9XcQS+Yu6w==}
    engines: {node: '>=18'}
    cpu: [arm64]
    os: [netbsd]

  '@esbuild/netbsd-x64@0.27.7':
    resolution: {integrity: sha512-OfatkLojr6U+WN5EDYuoQhtM+1xco+/6FSzJJnuWiUw5eVcicbyK3dq5EeV/QHT1uy6GoDhGbFpprUiHUYggrw==}
    engines: {node: '>=18'}
    cpu: [x64]
    os: [netbsd]

  '@esbuild/openbsd-arm64@0.27.7':
    resolution: {integrity: sha512-AFuojMQTxAz75Fo8idVcqoQWEHIXFRbOc1TrVcFSgCZtQfSdc1RXgB3tjOn/krRHENUB4j00bfGjyl2mJrU37A==}
    engines: {node: '>=18'}
    cpu: [arm64]
    os: [openbsd]

  '@esbuild/openbsd-x64@0.27.7':
    resolution: {integrity: sha512-+A1NJmfM8WNDv5CLVQYJ5PshuRm/4cI6WMZRg1by1GwPIQPCTs1GLEUHwiiQGT5zDdyLiRM/l1G0Pv54gvtKIg==}
    engines: {node: '>=18'}
    cpu: [x64]
    os: [openbsd]

  '@esbuild/openharmony-arm64@0.27.7':
    resolution: {integrity: sha512-+KrvYb/C8zA9CU/g0sR6w2RBw7IGc5J2BPnc3dYc5VJxHCSF1yNMxTV5LQ7GuKteQXZtspjFbiuW5/dOj7H4Yw==}
    engines: {node: '>=18'}
    cpu: [arm64]
    os: [openharmony]

  '@esbuild/sunos-x64@0.27.7':
    resolution: {integrity: sha512-ikktIhFBzQNt/QDyOL580ti9+5mL/YZeUPKU2ivGtGjdTYoqz6jObj6nOMfhASpS4GU4Q/Clh1QtxWAvcYKamA==}
    engines: {node: '>=18'}
    cpu: [x64]
    os: [sunos]

  '@esbuild/win32-arm64@0.27.7':
    resolution: {integrity: sha512-7yRhbHvPqSpRUV7Q20VuDwbjW5kIMwTHpptuUzV+AA46kiPze5Z7qgt6CLCK3pWFrHeNfDd1VKgyP4O+ng17CA==}
    engines: {node: '>=18'}
    cpu: [arm64]
    os: [win32]

  '@esbuild/win32-ia32@0.27.7':
    resolution: {integrity: sha512-SmwKXe6VHIyZYbBLJrhOoCJRB/Z1tckzmgTLfFYOfpMAx63BJEaL9ExI8x7v0oAO3Zh6D/Oi1gVxEYr5oUCFhw==}
    engines: {node: '>=18'}
    cpu: [ia32]
    os: [win32]

  '@esbuild/win32-x64@0.27.7':
    resolution: {integrity: sha512-56hiAJPhwQ1R4i+21FVF7V8kSD5zZTdHcVuRFMW0hn753vVfQN8xlx4uOPT4xoGH0Z/oVATuR82AiqSTDIpaHg==}
    engines: {node: '>=18'}
    cpu: [x64]
    os: [win32]

  '@micropython/micropython-webassembly-pyscript@1.27.0':
    resolution: {integrity: sha512-DnXx4EqxgkeaFESrS3uKrL7mLMk4mRTd0mMzaOd3HUSiZUOAE7t11uLnjf3ftF87N2xm4knHnWEKcVK4IYIUDA==}

  '@rollup/rollup-android-arm-eabi@4.62.1':
    resolution: {integrity: sha512-WUtumI+yIc7YXY3ZtN68V50CHEjgopo0rIZ90+ZqlZzIGroVn3qkfK7wkdl+HebaxenGQMrlB/KJs+aLMZg9lQ==}
    cpu: [arm]
    os: [android]

  '@rollup/rollup-android-arm64@4.62.1':
    resolution: {integrity: sha512-ivTbxKROae184UB9SNQGOmXCwdgq1rb1OfDOXHOw9bHHVtoUSQoyLwAgxcd9zlef+vtPnyqN22HrYvaI7K12Zw==}
    cpu: [arm64]
    os: [android]

  '@rollup/rollup-darwin-arm64@4.62.1':
    resolution: {integrity: sha512-+nRm4AIocYcaE5yP07KGybXGDGfBCXOSY7EE7GeGvA8rzK+eiZteAgn9VNkn8sw/+FWR+9FLyph0gUNuY75KuQ==}
    cpu: [arm64]
    os: [darwin]

  '@rollup/rollup-darwin-x64@4.62.1':
    resolution: {integrity: sha512-63zVs6JwE9i3BMhHm1Gi5+LP8dRKQVrD5UzgjDgZfptON38vfStA4iAK0DpxqTmI8udUzr1Qwk1tEhLRcj7PVA==}
    cpu: [x64]
    os: [darwin]

  '@rollup/rollup-freebsd-arm64@4.62.1':
    resolution: {integrity: sha512-uXASB7+/ZbR7q4RC35T/xTwQt4Qwt8e1my8E7hI6PxaQxuNiuvM+B/I58xvJLaVYOmCGy9cu3Ky1SSY4ia/G0Q==}
    cpu: [arm64]
    os: [freebsd]

  '@rollup/rollup-freebsd-x64@4.62.1':
    resolution: {integrity: sha512-BqeibWSAOg/6bwxDnJ1Z4806jc6kIuGYCDS52DY4u23EgcK3DMrm4rrODmPTltA8EFlvhz2gXGhs/RwgWuto/w==}
    cpu: [x64]
    os: [freebsd]

  '@rollup/rollup-linux-arm-gnueabihf@4.62.1':
    resolution: {integrity: sha512-9ryebRuEJ1OcKl9ZWWyXZ84OrpqXl8qwa99ZwrVn1uzBu9TwNqpyoScK7yF/+WoHW0dBGUR3tAHem7nWP1ismQ==}
    cpu: [arm]
    os: [linux]

  '@rollup/rollup-linux-arm-musleabihf@4.62.1':
    resolution: {integrity: sha512-HOHv0qumBDTLxM/j5nE2X6SVHGK2F5r211WqFn0PB+lJL3o4HBP9CsjlcdwIk6aILYeRveltSVmvv9NSW3vnWg==}
    cpu: [arm]
    os: [linux]

  '@rollup/rollup-linux-arm64-gnu@4.62.1':
    resolution: {integrity: sha512-jrDLxV5iWL8fdpj5N5+9ZAd2BjD3U6h1eiVhOCDQhvKG+C0uJt3phgIsS7sWKTk4LLaom87dMJCIXnakXEs4fA==}
    cpu: [arm64]
    os: [linux]

  '@rollup/rollup-linux-arm64-musl@4.62.1':
    resolution: {integrity: sha512-kaKe83aR+a5bvGTdXFlUzGUFPHoSm2zo1PFalUuwqj7+txbLm4jyXwM4IkmrEWK9yAWE9qO654XuBb8dqgSP4A==}
    cpu: [arm64]
    os: [linux]

  '@rollup/rollup-linux-loong64-gnu@4.62.1':
    resolution: {integrity: sha512-tp+VgVhkZ9iNDGezXQnBx0h+ZraZJCKtbrsxGRSO3Y+Ta/YrUfLxlKXU4IiBm9AWlj9EDH1Djrvsl6ledeUdJg==}
    cpu: [loong64]
    os: [linux]

  '@rollup/rollup-linux-loong64-musl@4.62.1':
    resolution: {integrity: sha512-LN9invzRf8ejduiGlrtr46Gk08Uh/1eiMMLgo/CNPHeRpYH8EYW6YQuAqkoxItk+Rtmod1raQ8W49sO+hP+6hQ==}
    cpu: [loong64]
    os: [linux]

  '@rollup/rollup-linux-ppc64-gnu@4.62.1':
    resolution: {integrity: sha512-F2Abce1ndQR8UXEX8Bj3EFd5jlw/u0rlbjmsEzBPty/YJ8H57x3POPnBxr7Mbi8m7UNwukwFW6Z20I+hrQvWdQ==}
    cpu: [ppc64]
    os: [linux]

  '@rollup/rollup-linux-ppc64-musl@4.62.1':
    resolution: {integrity: sha512-nmJq25UletS/fI3icrKsBH8KDkTf7cSGTY5bkWI9z3+4oHj1DxHQkWCP8uP7m+AEhc1fc73AcycZam4iViAoNQ==}
    cpu: [ppc64]
    os: [linux]

  '@rollup/rollup-linux-riscv64-gnu@4.62.1':
    resolution: {integrity: sha512-HqWXZHGXFrKmSs3qOmNBfLY34CzYDt3HU2oQq2cplmU1gEADa2dWf6xcjrQuHYbNYZpJY2+rLNAbHyXtrO/0PQ==}
    cpu: [riscv64]
    os: [linux]

  '@rollup/rollup-linux-riscv64-musl@4.62.1':
    resolution: {integrity: sha512-xYDVRyJEbrzr14Z2hqe59C1pwosdl9Td0ik5gu5x85mVswTweg492as4Vzs/8zKkvvUgO5VdGRL7OzN+W9Z6+w==}
    cpu: [riscv64]
    os: [linux]

  '@rollup/rollup-linux-s390x-gnu@4.62.1':
    resolution: {integrity: sha512-X6n4yZUYAGSZTsIRjHUFkRZy/ml+EyS5vsgnyUOfhflKros0TEjX9yAoFqiRdJSfmykStVUyfcFDy/tHJ64JuQ==}
    cpu: [s390x]
    os: [linux]

  '@rollup/rollup-linux-x64-gnu@4.62.1':
    resolution: {integrity: sha512-nVQGk/jStQc2V4rrkI+vPD2J+85boKqS4R4nOdPhc3eWw0kyW/b+AYRGoH8qo057XSVqaTx13AliH5qPeLTtgQ==}
    cpu: [x64]
    os: [linux]

  '@rollup/rollup-linux-x64-musl@4.62.1':
    resolution: {integrity: sha512-Ae54IyMwpY3JsYjBH4k29vQ9FSoILwJdh7j7c9lmLOczKnU/WL5jMRL9epsgPrs+ph48YVTsy6PkQDq0nK8Kvg==}
    cpu: [x64]
    os: [linux]

  '@rollup/rollup-openbsd-x64@4.62.1':
    resolution: {integrity: sha512-7oOS0UqUXLRi2dVeEXdQxbml854xxQSx+6Pdnuo4G0iAIRiPBCIyzhLIv8oSmvqLkAftGaRk+ft70fVHXjsXsQ==}
    cpu: [x64]
    os: [openbsd]

  '@rollup/rollup-openharmony-arm64@4.62.1':
    resolution: {integrity: sha512-e6kAhhmUK3pwICnBtsQFkg/czVxFlY5e4Ppi4fuXWvOwiHOXlgQMEvpg0H5ceuEh2T1nyI0U6SfhV3qojKWpAg==}
    cpu: [arm64]
    os: [openharmony]

  '@rollup/rollup-win32-arm64-msvc@4.62.1':
    resolution: {integrity: sha512-xXRJSv00uVmj5DwS9DwIvS+Re5VdDnaspDfk7GzsnhP1IbTzFjJwhY+c3j3jr/2pP/prBrXvZ1OmjjhkkAOUlQ==}
    cpu: [arm64]
    os: [win32]

  '@rollup/rollup-win32-ia32-msvc@4.62.1':
    resolution: {integrity: sha512-D3S8+6cSEW0QZZHcKKDQ/Fsz/eqvYmJbtkZZziFxEb4Fi4fyWTCaMs1p5siQ85/T6gNdYKJ3OIJ4M/phYQgICA==}
    cpu: [ia32]
    os: [win32]

  '@rollup/rollup-win32-x64-gnu@4.62.1':
    resolution: {integrity: sha512-CRVGPQKdEB/ujGfrq3SgITWc2N9iWM+sqaBKHh62Dc6xRLQGTVrqHpOVEitfly941kr244j14sswRw47bmMjjg==}
    cpu: [x64]
    os: [win32]

  '@rollup/rollup-win32-x64-msvc@4.62.1':
    resolution: {integrity: sha512-/N8QHE1y6A9nmN3HCIFZWr5FUu/rKcT/A7JgaMJH3dcvL5RS++o0brK5SitYVTis/dJFiasK7Xva0cqeWYmCzQ==}
    cpu: [x64]
    os: [win32]

  '@turf/boolean-point-in-polygon@7.3.5':
    resolution: {integrity: sha512-ba7+B0wzaS9GtERZOoXUZ6oW8IcIJHNQZf3c+tiD9ESjcsPO1Q/4qIJGTKl92nBLhhracHJxMWBM/U6hAVkaRg==}

  '@turf/helpers@7.3.5':
    resolution: {integrity: sha512-E/NMGV5MwbjjP7AJXBtsanC3yY8N2MQ87IGdIgkB2ji5AtBpwnH4L3gEqpYN4RlCJJWbLbzO91BbKv2waUd0eg==}

  '@turf/invariant@7.3.5':
    resolution: {integrity: sha512-ZVIvsBvjr8lO7WxC5zYNjRsjSDvyGvWkJMjuWaJjTU8x+1tmfNnw3gDX/TI2Sit83gcRYLYkNo23lB/udqx/Hg==}

  '@tweenjs/tween.js@25.0.0':
    resolution: {integrity: sha512-XKLA6syeBUaPzx4j3qwMqzzq+V4uo72BnlbOjmuljLrRqdsd3qnzvZZoxvMHZ23ndsRS4aufU6JOZYpCbU6T1A==}

  '@types/estree@1.0.9':
    resolution: {integrity: sha512-GhdPgy1el4/ImP05X05Uw4cw2/M93BCUmnEvWZNStlCzEKME4Fkk+YpoA5OiHNQmoS7Cafb8Xa3Pya8m1Qrzeg==}

  '@types/geojson@7946.0.16':
    resolution: {integrity: sha512-6C8nqWur3j98U6+lXDfTUWIfgvZU+EumvpHKcYjujKH7woYyLj2sUmff0tRhrqM7BohUw7Pz3ZB1jj2gW9Fvmg==}

  '@types/node@25.9.4':
    resolution: {integrity: sha512-dszCsrKb5U7ZsVZBWiHFklTloVl0mSEnWH/iZXfZUlI4rzCUnsvGmgqfuVRHL54ugE7/wRuxEIXRa2iMZ+BG6g==}

  accessor-fn@1.5.3:
    resolution: {integrity: sha512-rkAofCwe/FvYFUlMB0v0gWmhqtfAtV1IUkdPbfhTUyYniu5LrC0A0UJkTH0Jv3S8SvwkmfuAlY+mQIJATdocMA==}
    engines: {node: '>=12'}

  d3-array@3.2.4:
    resolution: {integrity: sha512-tdQAmyA18i4J7wprpYq8ClcxZy3SC31QMeByyCFyRt7BVHdREQZ5lpzoe5mFEYZUWe+oq8HBvk9JjpibyEV4Jg==}
    engines: {node: '>=12'}

  d3-color@3.1.0:
    resolution: {integrity: sha512-zg/chbXyeBtMQ1LbD/WSoW2DpC3I0mpmPdW+ynRTj/x2DAWYrIY7qeZIHidozwV24m4iavr15lNwIwLxRmOxhA==}
    engines: {node: '>=12'}

  d3-delaunay@6.0.4:
    resolution: {integrity: sha512-mdjtIZ1XLAM8bm/hx3WwjfHt6Sggek7qH043O8KEjDXN40xi3vx/6pYSVTwLjEgiXQTbvaouWKynLBiUZ6SK6A==}
    engines: {node: '>=12'}

  d3-format@3.1.2:
    resolution: {integrity: sha512-AJDdYOdnyRDV5b6ArilzCPPwc1ejkHcoyFarqlPqT7zRYjhavcT3uSrqcMvsgh2CgoPbK3RCwyHaVyxYcP2Arg==}
    engines: {node: '>=12'}

  d3-geo-voronoi@2.1.0:
    resolution: {integrity: sha512-kqE4yYuOjPbKdBXG0xztCacPwkVSK2REF1opSNrnqqtXJmNcM++UbwQ8SxvwP6IQTj9RvIjjK4qeiVsEfj0Z2Q==}
    engines: {node: '>=12'}

  d3-geo@3.1.1:
    resolution: {integrity: sha512-637ln3gXKXOwhalDzinUgY83KzNWZRKbYubaG+fGVuc/dxO64RRljtCTnf5ecMyE1RIdtqpkVcq0IbtU2S8j2Q==}
    engines: {node: '>=12'}

  d3-interpolate@3.0.1:
    resolution: {integrity: sha512-3bYs1rOD33uo8aqJfKP3JWPAibgw8Zm2+L9vBKEHJ2Rg+viTR7o5Mmv5mZcieN+FRYaAOWX5SJATX6k1PWz72g==}
    engines: {node: '>=12'}

  d3-octree@1.1.0:
    resolution: {integrity: sha512-F8gPlqpP+HwRPMO/8uOu5wjH110+6q4cgJvgJT6vlpy3BEaDIKlTZrgHKZSp/i1InRpVfh4puY/kvL6MxK930A==}

  d3-scale-chromatic@3.1.0:
    resolution: {integrity: sha512-A3s5PWiZ9YCXFye1o246KoscMWqf8BsD9eRiJ3He7C9OBaxKhAd5TFCdEx/7VbKtxxTsu//1mMJFrEt572cEyQ==}
    engines: {node: '>=12'}

  d3-scale@4.0.2:
    resolution: {integrity: sha512-GZW464g1SH7ag3Y7hXjf8RoUuAFIqklOAq3MRl4OaWabTFJY9PN/E1YklhXLh+OQ3fM9yS2nOkCoS+WLZ6kvxQ==}
    engines: {node: '>=12'}

  d3-selection@3.0.0:
    resolution: {integrity: sha512-fmTRWbNMmsmWq6xJV8D19U/gw/bwrHfNXxrIN+HfZgnzqTHp9jOmKMhsTUjXOJnZOdZY9Q28y4yebKzqDKlxlQ==}
    engines: {node: '>=12'}

  d3-time-format@4.1.0:
    resolution: {integrity: sha512-dJxPBlzC7NugB2PDLwo9Q8JiTR3M3e4/XANkreKSUxF8vvXKqm1Yfq4Q5dl8budlunRVlUUaDUgFt7eA8D6NLg==}
    engines: {node: '>=12'}

  d3-time@3.1.0:
    resolution: {integrity: sha512-VqKjzBLejbSMT4IgbmVgDjpkYrNWUYJnbCGo874u7MMKIWsILRX+OpX/gTk8MqjpT1A/c6HY2dCA77ZN0lkQ2Q==}
    engines: {node: '>=12'}

  d3-tricontour@1.1.0:
    resolution: {integrity: sha512-G7gHKj89n2owmkGb6WX6ixcnQ0Kf/0wpa9VIh9DGdbHu8wdrlaHU4ir3/bFNERl8N8nn4G7e7qbtBG8N9caihQ==}
    engines: {node: '>=12'}

  data-bind-mapper@1.0.3:
    resolution: {integrity: sha512-QmU3lyEnbENQPo0M1F9BMu4s6cqNNp8iJA+b/HP2sSb7pf3dxwF3+EP1eO69rwBfH9kFJ1apmzrtogAmVt2/Xw==}
    engines: {node: '>=12'}

  delaunator@5.1.0:
    resolution: {integrity: sha512-AGrQ4QSgssa1NGmWmLPqN5NY2KajF5MqxetNEO+o0n3ZwZZeTmt7bBnvzHWrmkZFxGgr4HdyFgelzgi06otLuQ==}

  earcut@3.0.2:
    resolution: {integrity: sha512-X7hshQbLyMJ/3RPhyObLARM2sNxxmRALLKx1+NVFFnQ9gKzmCrxm9+uLIAdBcvc8FNLpctqlQ2V6AE92Ol9UDQ==}

  esbuild@0.27.7:
    resolution: {integrity: sha512-IxpibTjyVnmrIQo5aqNpCgoACA/dTKLTlhMHihVHhdkxKyPO1uBBthumT0rdHmcsk9uMonIWS0m4FljWzILh3w==}
    engines: {node: '>=18'}
    hasBin: true

  fdir@6.5.0:
    resolution: {integrity: sha512-tIbYtZbucOs0BRGqPJkshJUYdL+SDH7dVM8gjy+ERp3WAUjLEFJE+02kanyHtwjWOnwrKYBiwAmM0p4kLJAnXg==}
    engines: {node: '>=12.0.0'}
    peerDependencies:
      picomatch: ^3 || ^4
    peerDependenciesMeta:
      picomatch:
        optional: true

  float-tooltip@1.7.5:
    resolution: {integrity: sha512-/kXzuDnnBqyyWyhDMH7+PfP8J/oXiAavGzcRxASOMRHFuReDtofizLLJsf7nnDLAfEaMW4pVWaXrAjtnglpEkg==}
    engines: {node: '>=12'}

  frame-ticker@1.0.3:
    resolution: {integrity: sha512-E0X2u2JIvbEMrqEg5+4BpTqaD22OwojJI63K7MdKHdncjtAhGRbCR8nJCr2vwEt9NWBPCPcu70X9smPviEBy8Q==}

  fsevents@2.3.3:
    resolution: {integrity: sha512-5xoDfX+fL7faATnagmWPpbFtwh/R77WmMMqqHGS65C3vvB0YHrgF+B1YmZ3441tMj5n63k0212XNoJwzlhffQw==}
    engines: {node: ^8.16.0 || ^10.6.0 || >=11.0.0}
    os: [darwin]

  globe.gl@2.46.1:
    resolution: {integrity: sha512-h+OvX52EBIPLtM0/2JkM+JZ9gPAhPJ4y3+hxUwD5Ey/O0Zk2ockuTiJ71bZbnNBGmNiIZzA5Vr3TMT0b3d35IQ==}
    engines: {node: '>=12'}

  h3-js@4.4.0:
    resolution: {integrity: sha512-DvJh07MhGgY2KcC4OeZc8SSyA+ZXpdvoh6uCzGpoKvWtZxJB+g6VXXC1+eWYkaMIsLz7J/ErhOalHCpcs1KYog==}
    engines: {node: '>=4', npm: '>=3', yarn: '>=1.3.0'}

  index-array-by@1.4.2:
    resolution: {integrity: sha512-SP23P27OUKzXWEC/TOyWlwLviofQkCSCKONnc62eItjp69yCZZPqDQtr3Pw5gJDnPeUMqExmKydNZaJO0FU9pw==}
    engines: {node: '>=12'}

  internmap@2.0.3:
    resolution: {integrity: sha512-5Hh7Y1wQbvY5ooGgPbDaL5iYLAPzMTUrjMulskHLH6wnv/A+1q5rgEaiuqEjB+oxGXIVZs1FF+R/KPN3ZSQYYg==}
    engines: {node: '>=12'}

  kapsule@1.16.3:
    resolution: {integrity: sha512-4+5mNNf4vZDSwPhKprKwz3330iisPrb08JyMgbsdFrimBCKNHecua/WBwvVg3n7vwx0C1ARjfhwIpbrbd9n5wg==}
    engines: {node: '>=12'}

  lodash-es@4.18.1:
    resolution: {integrity: sha512-J8xewKD/Gk22OZbhpOVSwcs60zhd95ESDwezOFuA3/099925PdHJ7OFHNTGtajL3AlZkykD32HykiMo+BIBI8A==}

  nanoid@3.3.13:
    resolution: {integrity: sha512-sPdqC6ByMVVGvF1ynvvMo0/o+oD1VX7DaHhijt1bFgjvBkHBib4t49GoNDhf2NDta4oeUNlaGbSt5K7qjZ955Q==}
    engines: {node: ^10 || ^12 || ^13.7 || ^14 || >=15.0.1}
    hasBin: true

  picocolors@1.1.1:
    resolution: {integrity: sha512-xceH2snhtb5M9liqDsmEw56le376mTZkEX/jEb/RxNFyegNul7eNslCXP9FDj/Lcu0X8KEyMceP2ntpaHrDEVA==}

  picomatch@4.0.4:
    resolution: {integrity: sha512-QP88BAKvMam/3NxH6vj2o21R6MjxZUAd6nlwAS/pnGvN9IVLocLHxGYIzFhg6fUQ+5th6P4dv4eW9jX3DSIj7A==}
    engines: {node: '>=12'}

  point-in-polygon-hao@1.2.4:
    resolution: {integrity: sha512-x2pcvXeqhRHlNRdhLs/tgFapAbSSe86wa/eqmj1G6pWftbEs5aVRJhRGM6FYSUERKu0PjekJzMq0gsI2XyiclQ==}

  polished@4.3.1:
    resolution: {integrity: sha512-OBatVyC/N7SCW/FaDHrSd+vn0o5cS855TOmYi4OkdWUMSJCET/xip//ch8xGUvtr3i44X9LVyWwQlRMTN3pwSA==}
    engines: {node: '>=10'}

  postcss@8.5.15:
    resolution: {integrity: sha512-FfR8sjd4em2T6fb3I2MwAJU7HWVMr9zba+enmQeeWFfCbm+UOC/0X4DS8XtpUTMwWMGbjKYP7xjfNekzyGmB3A==}
    engines: {node: ^10 || ^12 || >=14}

  preact@10.29.2:
    resolution: {integrity: sha512-7tNmwg/7mzzAoB/8kSg6Hl37JraAZw3Z3A0JSY7VXlZwo82Xn0G7wKbNNs2qoF4ZEEsQGTwDAroNdqKs1ofJxQ==}

  robust-predicates@3.0.3:
    resolution: {integrity: sha512-NS3levdsRIUOmiJ8FZWCP7LG3QpJyrs/TE0Zpf1yvZu8cAJJ6QMW92H1c7kWpdIHo8RvmLxN/o2JXTKHp74lUA==}

  rollup@4.62.1:
    resolution: {integrity: sha512-XTvxjHHM/0J/WZBg+ehDbAZgIpZoIZtWO+aImyuhjoyQa56NBX/bqnXw32rT27fkjSRrqthOgkLjRVtwXFI7jQ==}
    engines: {node: '>=18.0.0', npm: '>=8.0.0'}
    hasBin: true

  simplesignal@2.1.7:
    resolution: {integrity: sha512-PEo2qWpUke7IMhlqiBxrulIFvhJRLkl1ih52Rwa+bPjzhJepcd4GIjn2RiQmFSx3dQvsEAgF0/lXMwMN7vODaA==}

  source-map-js@1.2.1:
    resolution: {integrity: sha512-UXWMKhLOwVKb728IUtQPXxfYU+usdybtUrK/8uGE8CQMvrhOpwvzDBwj0QhSL7MQc7vIsISBG8VQ8+IDQxpfQA==}
    engines: {node: '>=0.10.0'}

  three-conic-polygon-geometry@2.1.3:
    resolution: {integrity: sha512-7KYcgd7rYg91L8AnCEddeyhw4qlv9+8NAI0luHq7QGt26icWUGNCsvLyD+u6FPKjP+un3zGBi4JGzqgGpmBSWA==}
    engines: {node: '>=12'}
    peerDependencies:
      three: '>=0.72.0'

  three-geojson-geometry@2.1.1:
    resolution: {integrity: sha512-dC7bF3ri1goDcihYhzACHOBQqu7YNNazYLa2bSydVIiJUb3jDFojKSy+gNj2pMkqZNSVjssSmdY9zlmnhEpr1w==}
    engines: {node: '>=12'}
    peerDependencies:
      three: '>=0.72.0'

  three-globe@2.45.2:
    resolution: {integrity: sha512-3qJE2LAdyHsUPt02mgMRc+PG3j9kGEA0fUYrwKPGIVtvMR1XjDn9hCXu31AWocdgHOFcXkrRVz7jJZzTIvR0eQ==}
    engines: {node: '>=12'}
    peerDependencies:
      three: '>=0.154'

  three-render-objects@1.42.0:
    resolution: {integrity: sha512-KYfkPrYGEbIK8ChFocWqOF1aAN80FBUBWVYB8mB2oBpVuVN+52FvvngVYB5ieFANQu7Rt21rPYZ/xKaAgVWWRQ==}
    engines: {node: '>=12'}
    peerDependencies:
      three: '>=0.179'

  three-slippy-map-globe@1.0.6:
    resolution: {integrity: sha512-PCUR+X+1kYFYtQBf8+b/ct8xBHtnkeu7FItRYBeFxyIe3ksnGuLi0H9RAxAfVSSUsZVbKIKNz9q1atEjynrrkg==}
    engines: {node: '>=12'}
    peerDependencies:
      three: '>=0.154'

  three@0.182.0:
    resolution: {integrity: sha512-GbHabT+Irv+ihI1/f5kIIsZ+Ef9Sl5A1Y7imvS5RQjWgtTPfPnZ43JmlYI7NtCRDK9zir20lQpfg8/9Yd02OvQ==}

  tinycolor2@1.6.0:
    resolution: {integrity: sha512-XPaBkWQJdsf3pLKJV9p4qN/S+fm2Oj8AIPo1BTUhg5oxkvm9+SVEGFdhyOz7tTdUTfvxMiAs4sp6/eZO2Ew+pw==}

  tinyglobby@0.2.17:
    resolution: {integrity: sha512-wXR/dYpcqKmfWpEdZjiKJOwCNFndD0DMnrW/cYjVGttEkBfVgcLFHoNrlj47mjOVic9yyNu65alsgF4NQyTa2g==}
    engines: {node: '>=12.0.0'}

  tslib@2.8.1:
    resolution: {integrity: sha512-oJFu94HQb+KVduSUQL7wnpmqnfmLsOA/nAh6b6EH0wCEoK0/mPeXU6c3wKDV83MkOuHPRHtSXKKU99IBazS/2w==}

  typescript@5.9.3:
    resolution: {integrity: sha512-jl1vZzPDinLr9eUt3J/t7V6FgNEw9QjvBPdysz9KfQDD41fQrC2Y4vKQdiaUpFT4bXlb1RHhLpp8wtm6M5TgSw==}
    engines: {node: '>=14.17'}
    hasBin: true

  undici-types@7.24.6:
    resolution: {integrity: sha512-WRNW+sJgj5OBN4/0JpHFqtqzhpbnV0GuB+OozA9gCL7a993SmU+1JBZCzLNxYsbMfIeDL+lTsphD5jN5N+n0zg==}

  vite@7.3.5:
    resolution: {integrity: sha512-KuOaNhcnGFN2zIPGA7wRmzF+lJA1sea7rHq17aiJ++9lzY1WWG6Jpwqwe1KNbRVPIqHmr8GLYx7jbrQcN/7/ww==}
    engines: {node: ^20.19.0 || >=22.12.0}
    hasBin: true
    peerDependencies:
      '@types/node': ^20.19.0 || >=22.12.0
      jiti: '>=1.21.0'
      less: ^4.0.0
      lightningcss: ^1.21.0
      sass: ^1.70.0
      sass-embedded: ^1.70.0
      stylus: '>=0.54.8'
      sugarss: ^5.0.0
      terser: ^5.16.0
      tsx: ^4.8.1
      yaml: ^2.4.2
    peerDependenciesMeta:
      '@types/node':
        optional: true
      jiti:
        optional: true
      less:
        optional: true
      lightningcss:
        optional: true
      sass:
        optional: true
      sass-embedded:
        optional: true
      stylus:
        optional: true
      sugarss:
        optional: true
      terser:
        optional: true
      tsx:
        optional: true
      yaml:
        optional: true

snapshots:

  '@anywidget/vite@0.2.2(vite@7.3.5(@types/node@25.9.4))':
    dependencies:
      vite: 7.3.5(@types/node@25.9.4)

  '@babel/runtime@7.29.7': {}

  '@biomejs/biome@2.5.0':
    optionalDependencies:
      '@biomejs/cli-darwin-arm64': 2.5.0
      '@biomejs/cli-darwin-x64': 2.5.0
      '@biomejs/cli-linux-arm64': 2.5.0
      '@biomejs/cli-linux-arm64-musl': 2.5.0
      '@biomejs/cli-linux-x64': 2.5.0
      '@biomejs/cli-linux-x64-musl': 2.5.0
      '@biomejs/cli-win32-arm64': 2.5.0
      '@biomejs/cli-win32-x64': 2.5.0

  '@biomejs/cli-darwin-arm64@2.5.0':
    optional: true

  '@biomejs/cli-darwin-x64@2.5.0':
    optional: true

  '@biomejs/cli-linux-arm64-musl@2.5.0':
    optional: true

  '@biomejs/cli-linux-arm64@2.5.0':
    optional: true

  '@biomejs/cli-linux-x64-musl@2.5.0':
    optional: true

  '@biomejs/cli-linux-x64@2.5.0':
    optional: true

  '@biomejs/cli-win32-arm64@2.5.0':
    optional: true

  '@biomejs/cli-win32-x64@2.5.0':
    optional: true

  '@esbuild/aix-ppc64@0.27.7':
    optional: true

  '@esbuild/android-arm64@0.27.7':
    optional: true

  '@esbuild/android-arm@0.27.7':
    optional: true

  '@esbuild/android-x64@0.27.7':
    optional: true

  '@esbuild/darwin-arm64@0.27.7':
    optional: true

  '@esbuild/darwin-x64@0.27.7':
    optional: true

  '@esbuild/freebsd-arm64@0.27.7':
    optional: true

  '@esbuild/freebsd-x64@0.27.7':
    optional: true

  '@esbuild/linux-arm64@0.27.7':
    optional: true

  '@esbuild/linux-arm@0.27.7':
    optional: true

  '@esbuild/linux-ia32@0.27.7':
    optional: true

  '@esbuild/linux-loong64@0.27.7':
    optional: true

  '@esbuild/linux-mips64el@0.27.7':
    optional: true

  '@esbuild/linux-ppc64@0.27.7':
    optional: true

  '@esbuild/linux-riscv64@0.27.7':
    optional: true

  '@esbuild/linux-s390x@0.27.7':
    optional: true

  '@esbuild/linux-x64@0.27.7':
    optional: true

  '@esbuild/netbsd-arm64@0.27.7':
    optional: true

  '@esbuild/netbsd-x64@0.27.7':
    optional: true

  '@esbuild/openbsd-arm64@0.27.7':
    optional: true

  '@esbuild/openbsd-x64@0.27.7':
    optional: true

  '@esbuild/openharmony-arm64@0.27.7':
    optional: true

  '@esbuild/sunos-x64@0.27.7':
    optional: true

  '@esbuild/win32-arm64@0.27.7':
    optional: true

  '@esbuild/win32-ia32@0.27.7':
    optional: true

  '@esbuild/win32-x64@0.27.7':
    optional: true

  '@micropython/micropython-webassembly-pyscript@1.27.0': {}

  '@rollup/rollup-android-arm-eabi@4.62.1':
    optional: true

  '@rollup/rollup-android-arm64@4.62.1':
    optional: true

  '@rollup/rollup-darwin-arm64@4.62.1':
    optional: true

  '@rollup/rollup-darwin-x64@4.62.1':
    optional: true

  '@rollup/rollup-freebsd-arm64@4.62.1':
    optional: true

  '@rollup/rollup-freebsd-x64@4.62.1':
    optional: true

  '@rollup/rollup-linux-arm-gnueabihf@4.62.1':
    optional: true

  '@rollup/rollup-linux-arm-musleabihf@4.62.1':
    optional: true

  '@rollup/rollup-linux-arm64-gnu@4.62.1':
    optional: true

  '@rollup/rollup-linux-arm64-musl@4.62.1':
    optional: true

  '@rollup/rollup-linux-loong64-gnu@4.62.1':
    optional: true

  '@rollup/rollup-linux-loong64-musl@4.62.1':
    optional: true

  '@rollup/rollup-linux-ppc64-gnu@4.62.1':
    optional: true

  '@rollup/rollup-linux-ppc64-musl@4.62.1':
    optional: true

  '@rollup/rollup-linux-riscv64-gnu@4.62.1':
    optional: true

  '@rollup/rollup-linux-riscv64-musl@4.62.1':
    optional: true

  '@rollup/rollup-linux-s390x-gnu@4.62.1':
    optional: true

  '@rollup/rollup-linux-x64-gnu@4.62.1':
    optional: true

  '@rollup/rollup-linux-x64-musl@4.62.1':
    optional: true

  '@rollup/rollup-openbsd-x64@4.62.1':
    optional: true

  '@rollup/rollup-openharmony-arm64@4.62.1':
    optional: true

  '@rollup/rollup-win32-arm64-msvc@4.62.1':
    optional: true

  '@rollup/rollup-win32-ia32-msvc@4.62.1':
    optional: true

  '@rollup/rollup-win32-x64-gnu@4.62.1':
    optional: true

  '@rollup/rollup-win32-x64-msvc@4.62.1':
    optional: true

  '@turf/boolean-point-in-polygon@7.3.5':
    dependencies:
      '@turf/helpers': 7.3.5
      '@turf/invariant': 7.3.5
      '@types/geojson': 7946.0.16
      point-in-polygon-hao: 1.2.4
      tslib: 2.8.1

  '@turf/helpers@7.3.5':
    dependencies:
      '@types/geojson': 7946.0.16
      tslib: 2.8.1

  '@turf/invariant@7.3.5':
    dependencies:
      '@turf/helpers': 7.3.5
      '@types/geojson': 7946.0.16
      tslib: 2.8.1

  '@tweenjs/tween.js@25.0.0': {}

  '@types/estree@1.0.9': {}

  '@types/geojson@7946.0.16': {}

  '@types/node@25.9.4':
    dependencies:
      undici-types: 7.24.6

  accessor-fn@1.5.3: {}

  d3-array@3.2.4:
    dependencies:
      internmap: 2.0.3

  d3-color@3.1.0: {}

  d3-delaunay@6.0.4:
    dependencies:
      delaunator: 5.1.0

  d3-format@3.1.2: {}

  d3-geo-voronoi@2.1.0:
    dependencies:
      d3-array: 3.2.4
      d3-delaunay: 6.0.4
      d3-geo: 3.1.1
      d3-tricontour: 1.1.0

  d3-geo@3.1.1:
    dependencies:
      d3-array: 3.2.4

  d3-interpolate@3.0.1:
    dependencies:
      d3-color: 3.1.0

  d3-octree@1.1.0: {}

  d3-scale-chromatic@3.1.0:
    dependencies:
      d3-color: 3.1.0
      d3-interpolate: 3.0.1

  d3-scale@4.0.2:
    dependencies:
      d3-array: 3.2.4
      d3-format: 3.1.2
      d3-interpolate: 3.0.1
      d3-time: 3.1.0
      d3-time-format: 4.1.0

  d3-selection@3.0.0: {}

  d3-time-format@4.1.0:
    dependencies:
      d3-time: 3.1.0

  d3-time@3.1.0:
    dependencies:
      d3-array: 3.2.4

  d3-tricontour@1.1.0:
    dependencies:
      d3-delaunay: 6.0.4
      d3-scale: 4.0.2

  data-bind-mapper@1.0.3:
    dependencies:
      accessor-fn: 1.5.3

  delaunator@5.1.0:
    dependencies:
      robust-predicates: 3.0.3

  earcut@3.0.2: {}

  esbuild@0.27.7:
    optionalDependencies:
      '@esbuild/aix-ppc64': 0.27.7
      '@esbuild/android-arm': 0.27.7
      '@esbuild/android-arm64': 0.27.7
      '@esbuild/android-x64': 0.27.7
      '@esbuild/darwin-arm64': 0.27.7
      '@esbuild/darwin-x64': 0.27.7
      '@esbuild/freebsd-arm64': 0.27.7
      '@esbuild/freebsd-x64': 0.27.7
      '@esbuild/linux-arm': 0.27.7
      '@esbuild/linux-arm64': 0.27.7
      '@esbuild/linux-ia32': 0.27.7
      '@esbuild/linux-loong64': 0.27.7
      '@esbuild/linux-mips64el': 0.27.7
      '@esbuild/linux-ppc64': 0.27.7
      '@esbuild/linux-riscv64': 0.27.7
      '@esbuild/linux-s390x': 0.27.7
      '@esbuild/linux-x64': 0.27.7
      '@esbuild/netbsd-arm64': 0.27.7
      '@esbuild/netbsd-x64': 0.27.7
      '@esbuild/openbsd-arm64': 0.27.7
      '@esbuild/openbsd-x64': 0.27.7
      '@esbuild/openharmony-arm64': 0.27.7
      '@esbuild/sunos-x64': 0.27.7
      '@esbuild/win32-arm64': 0.27.7
      '@esbuild/win32-ia32': 0.27.7
      '@esbuild/win32-x64': 0.27.7

  fdir@6.5.0(picomatch@4.0.4):
    optionalDependencies:
      picomatch: 4.0.4

  float-tooltip@1.7.5:
    dependencies:
      d3-selection: 3.0.0
      kapsule: 1.16.3
      preact: 10.29.2

  frame-ticker@1.0.3:
    dependencies:
      simplesignal: 2.1.7

  fsevents@2.3.3:
    optional: true

  globe.gl@2.46.1:
    dependencies:
      '@tweenjs/tween.js': 25.0.0
      accessor-fn: 1.5.3
      kapsule: 1.16.3
      three: 0.182.0
      three-globe: 2.45.2(three@0.182.0)
      three-render-objects: 1.42.0(three@0.182.0)

  h3-js@4.4.0: {}

  index-array-by@1.4.2: {}

  internmap@2.0.3: {}

  kapsule@1.16.3:
    dependencies:
      lodash-es: 4.18.1

  lodash-es@4.18.1: {}

  nanoid@3.3.13: {}

  picocolors@1.1.1: {}

  picomatch@4.0.4: {}

  point-in-polygon-hao@1.2.4:
    dependencies:
      robust-predicates: 3.0.3

  polished@4.3.1:
    dependencies:
      '@babel/runtime': 7.29.7

  postcss@8.5.15:
    dependencies:
      nanoid: 3.3.13
      picocolors: 1.1.1
      source-map-js: 1.2.1

  preact@10.29.2: {}

  robust-predicates@3.0.3: {}

  rollup@4.62.1:
    dependencies:
      '@types/estree': 1.0.9
    optionalDependencies:
      '@rollup/rollup-android-arm-eabi': 4.62.1
      '@rollup/rollup-android-arm64': 4.62.1
      '@rollup/rollup-darwin-arm64': 4.62.1
      '@rollup/rollup-darwin-x64': 4.62.1
      '@rollup/rollup-freebsd-arm64': 4.62.1
      '@rollup/rollup-freebsd-x64': 4.62.1
      '@rollup/rollup-linux-arm-gnueabihf': 4.62.1
      '@rollup/rollup-linux-arm-musleabihf': 4.62.1
      '@rollup/rollup-linux-arm64-gnu': 4.62.1
      '@rollup/rollup-linux-arm64-musl': 4.62.1
      '@rollup/rollup-linux-loong64-gnu': 4.62.1
      '@rollup/rollup-linux-loong64-musl': 4.62.1
      '@rollup/rollup-linux-ppc64-gnu': 4.62.1
      '@rollup/rollup-linux-ppc64-musl': 4.62.1
      '@rollup/rollup-linux-riscv64-gnu': 4.62.1
      '@rollup/rollup-linux-riscv64-musl': 4.62.1
      '@rollup/rollup-linux-s390x-gnu': 4.62.1
      '@rollup/rollup-linux-x64-gnu': 4.62.1
      '@rollup/rollup-linux-x64-musl': 4.62.1
      '@rollup/rollup-openbsd-x64': 4.62.1
      '@rollup/rollup-openharmony-arm64': 4.62.1
      '@rollup/rollup-win32-arm64-msvc': 4.62.1
      '@rollup/rollup-win32-ia32-msvc': 4.62.1
      '@rollup/rollup-win32-x64-gnu': 4.62.1
      '@rollup/rollup-win32-x64-msvc': 4.62.1
      fsevents: 2.3.3

  simplesignal@2.1.7: {}

  source-map-js@1.2.1: {}

  three-conic-polygon-geometry@2.1.3(three@0.182.0):
    dependencies:
      '@turf/boolean-point-in-polygon': 7.3.5
      d3-array: 3.2.4
      d3-geo: 3.1.1
      d3-geo-voronoi: 2.1.0
      d3-scale: 4.0.2
      delaunator: 5.1.0
      earcut: 3.0.2
      three: 0.182.0

  three-geojson-geometry@2.1.1(three@0.182.0):
    dependencies:
      d3-geo: 3.1.1
      d3-interpolate: 3.0.1
      earcut: 3.0.2
      three: 0.182.0

  three-globe@2.45.2(three@0.182.0):
    dependencies:
      '@tweenjs/tween.js': 25.0.0
      accessor-fn: 1.5.3
      d3-array: 3.2.4
      d3-color: 3.1.0
      d3-geo: 3.1.1
      d3-interpolate: 3.0.1
      d3-scale: 4.0.2
      d3-scale-chromatic: 3.1.0
      data-bind-mapper: 1.0.3
      frame-ticker: 1.0.3
      h3-js: 4.4.0
      index-array-by: 1.4.2
      kapsule: 1.16.3
      three: 0.182.0
      three-conic-polygon-geometry: 2.1.3(three@0.182.0)
      three-geojson-geometry: 2.1.1(three@0.182.0)
      three-slippy-map-globe: 1.0.6(three@0.182.0)
      tinycolor2: 1.6.0

  three-render-objects@1.42.0(three@0.182.0):
    dependencies:
      '@tweenjs/tween.js': 25.0.0
      accessor-fn: 1.5.3
      float-tooltip: 1.7.5
      kapsule: 1.16.3
      polished: 4.3.1
      three: 0.182.0

  three-slippy-map-globe@1.0.6(three@0.182.0):
    dependencies:
      d3-geo: 3.1.1
      d3-octree: 1.1.0
      d3-scale: 4.0.2
      three: 0.182.0

  three@0.182.0: {}

  tinycolor2@1.6.0: {}

  tinyglobby@0.2.17:
    dependencies:
      fdir: 6.5.0(picomatch@4.0.4)
      picomatch: 4.0.4

  tslib@2.8.1: {}

  typescript@5.9.3: {}

  undici-types@7.24.6: {}

  vite@7.3.5(@types/node@25.9.4):
    dependencies:
      esbuild: 0.27.7
      fdir: 6.5.0(picomatch@4.0.4)
      picomatch: 4.0.4
      postcss: 8.5.15
      rollup: 4.62.1
      tinyglobby: 0.2.17
    optionalDependencies:
      '@types/node': 25.9.4
      fsevents: 2.3.3
